
Microsoft Visual Studio Solution File, Format Version 12.00
# Visual Studio Version 16
VisualStudioVersion = 16.0.30011.22
MinimumVisualStudioVersion = 10.0.40219.1
Project("{FAE04EC0-301F-11D3-BF4B-00C04F79EFBC}") = "Express Parser", "Express Parser.csproj", "{66BB2B08-D6EE-44EB-B8CA-9285C69D79F2}"
EndProject
Global
	GlobalSection(SolutionConfigurationPlatforms) = preSolution
		Debug|Any CPU = Debug|Any CPU
		Release|Any CPU = Release|Any CPU
	EndGlobalSection
	GlobalSection(ProjectConfigurationPlatforms) = postSolution
		{66BB2B08-D6EE-44EB-B8CA-9285C69D79F2}.Debug|Any CPU.ActiveCfg = Debug|Any CPU
		{66BB2B08-D6EE-44EB-B8CA-9285C69D79F2}.Debug|Any CPU.Build.0 = Debug|Any CPU
		{66BB2B08-D6EE-44EB-B8CA-9285C69D79F2}.Release|Any CPU.ActiveCfg = Release|Any CPU
		{66BB2B08-D6EE-44EB-B8CA-9285C69D79F2}.Release|Any CPU.Build.0 = Release|Any CPU
	EndGlobalSection
	GlobalSection(SolutionProperties) = preSolution
		HideSolutionNode = FALSE
	EndGlobalSection
	GlobalSection(ExtensibilityGlobals) = postSolution
		SolutionGuid = {5D30E6B7-C09C-49D3-AC0D-CE39C9D86117}
	EndGlobalSection
EndGlobal
